lockfileVersion: '6.0'

settings:
  autoInstallPeers: true
  excludeLinksFromLockfile: false

dependencies:
  '@atproto/api':
    specifier: ^0.2.5
    version: 0.2.11

devDependencies:
  typescript:
    specifier: ^5.0.4
    version: 5.6.3

packages:

  /@atproto/api@0.2.11:
    resolution: {integrity: sha512-5JY1Ii/81Bcy1ZTGRqALsaOdc8fIJTSlMNoSptpGH73uAPQE93weDrb8sc3KoxWi1G2ss3IIBSLPJWxALocJSQ==}
    dependencies:
      '@atproto/common-web': 0.3.1
      '@atproto/uri': 0.1.1
      '@atproto/xrpc': 0.6.3
      tlds: 1.255.0
      typed-emitter: 2.1.0
    dev: false

  /@atproto/common-web@0.2.4:
    resolution: {integrity: sha512-6+DOhQcTklFmeiSkZRx6iFeqi4OFtGl4yEDGATk00q4tEcPoPvyOBtYHN6+G9lrfJIfx5RfmggamvXlJv1PxxA==}
    dependencies:
      graphemer: 1.4.0
      multiformats: 9.9.0
      uint8arrays: 3.0.0
      zod: 3.23.8
    dev: false

  /@atproto/common-web@0.3.1:
    resolution: {integrity: sha512-N7wiTnus5vAr+lT//0y8m/FaHHLJ9LpGuEwkwDAeV3LCiPif4m/FS8x/QOYrx1PdZQwKso95RAPzCGWQBH5j6Q==}
    dependencies:
      graphemer: 1.4.0
      multiformats: 9.9.0
      uint8arrays: 3.0.0
      zod: 3.23.8
    dev: false

  /@atproto/lexicon@0.4.2:
    resolution: {integrity: sha512-CXoOkhcdF3XVUnR2oNgCs2ljWfo/8zUjxL5RIhJW/UNLp/FSl+KpF8Jm5fbk8Y/XXVPGRAsv9OYfxyU/14N/pw==}
    dependencies:
      '@atproto/common-web': 0.3.1
      '@atproto/syntax': 0.3.0
      iso-datestring-validator: 2.2.2
      multiformats: 9.9.0
      zod: 3.23.8
    dev: false

  /@atproto/syntax@0.1.5:
    resolution: {integrity: sha512-pbY5lOnThoAbsmrdbN9LC/dNmckfqODJiX9zjW2t3BIHYFeGBc6w9bK3Vre8A0Hg8yWkQpv6gaBLu+ykgi2DJQ==}
    dependencies:
      '@atproto/common-web': 0.2.4
    dev: false

  /@atproto/syntax@0.3.0:
    resolution: {integrity: sha512-Weq0ZBxffGHDXHl9U7BQc2BFJi/e23AL+k+i5+D9hUq/bzT4yjGsrCejkjq0xt82xXDjmhhvQSZ0LqxyZ5woxA==}
    dev: false

  /@atproto/uri@0.1.1:
    resolution: {integrity: sha512-6l5Q0ajGHnecOd2ACuvXVpvZGK7gE+Y78y/oq29WdjWPvTeg7fBzcXlDXcZMOvBqhDJIigmAO2YCKmxqc4wJ1g==}
    deprecated: This package is now deprecated. Please use @atproto/syntax, which provides the same interfaces.
    dependencies:
      '@atproto/syntax': 0.1.5
    dev: false

  /@atproto/xrpc@0.6.3:
    resolution: {integrity: sha512-S3tRvOdA9amPkKLll3rc4vphlDitLrkN5TwWh5Tu/jzk7mnobVVE3akYgICV9XCNHKjWM+IAPxFFI2qi+VW6nQ==}
    dependencies:
      '@atproto/lexicon': 0.4.2
      zod: 3.23.8
    dev: false

  /graphemer@1.4.0:
    resolution: {integrity: sha512-EtKwoO6kxCL9WO5xipiHTZlSzBm7WLT627TqC/uVRd0HKmq8NXyebnNYxDoBi7wt8eTWrUrKXCOVaFq9x1kgag==}
    dev: false

  /iso-datestring-validator@2.2.2:
    resolution: {integrity: sha512-yLEMkBbLZTlVQqOnQ4FiMujR6T4DEcCb1xizmvXS+OxuhwcbtynoosRzdMA69zZCShCNAbi+gJ71FxZBBXx1SA==}
    dev: false

  /multiformats@9.9.0:
    resolution: {integrity: sha512-HoMUjhH9T8DDBNT+6xzkrd9ga/XiBI4xLr58LJACwK6G3HTOPeMz4nB4KJs33L2BelrIJa7P0VuNaVF3hMYfjg==}
    dev: false

  /rxjs@7.8.1:
    resolution: {integrity: sha512-AA3TVj+0A2iuIoQkWEK/tqFjBq2j+6PO6Y0zJcvzLAFhEFIO3HL0vls9hWLncZbAAbK0mar7oZ4V079I/qPMxg==}
    requiresBuild: true
    dependencies:
      tslib: 2.8.0
    dev: false
    optional: true

  /tlds@1.255.0:
    resolution: {integrity: sha512-tcwMRIioTcF/FcxLev8MJWxCp+GUALRhFEqbDoZrnowmKSGqPrl5pqS+Sut2m8BgJ6S4FExCSSpGffZ0Tks6Aw==}
    hasBin: true
    dev: false

  /tslib@2.8.0:
    resolution: {integrity: sha512-jWVzBLplnCmoaTr13V9dYbiQ99wvZRd0vNWaDRg+aVYRcjDF3nDksxFDE/+fkXnKhpnUUkmx5pK/v8mCtLVqZA==}
    requiresBuild: true
    dev: false
    optional: true

  /typed-emitter@2.1.0:
    resolution: {integrity: sha512-g/KzbYKbH5C2vPkaXGu8DJlHrGKHLsM25Zg9WuC9pMGfuvT+X25tZQWo5fK1BjBm8+UrVE9LDCvaY0CQk+fXDA==}
    optionalDependencies:
      rxjs: 7.8.1
    dev: false

  /typescript@5.6.3:
    resolution: {integrity: sha512-hjcS1mhfuyi4WW8IWtjP7brDrG2cuDZukyrYrSauoXGNgx0S7zceP07adYkJycEr56BOUTNPzbInooiN3fn1qw==}
    engines: {node: '>=14.17'}
    hasBin: true
    dev: true

  /uint8arrays@3.0.0:
    resolution: {integrity: sha512-HRCx0q6O9Bfbp+HHSfQQKD7wU70+lydKVt4EghkdOvlK/NlrF90z+eXV34mUd48rNvVJXwkrMSPpCATkct8fJA==}
    dependencies:
      multiformats: 9.9.0
    dev: false

  /zod@3.23.8:
    resolution: {integrity: sha512-XBx9AXhXktjUqnepgTiE5flcKIYWi/rme0Eaj+5Y0lftuGBq+jyRu/md4WnuxqgP1ubdpNCsYEYPxrzVHD8d6g==}
    dev: false
